
Microsoft Visual Studio Solution File, Format Version 12.00
# Visual Studio Version 17
VisualStudioVersion = 17.6.33815.320
MinimumVisualStudioVersion = 10.0.40219.1
Project("{9A19103F-16F7-4668-BE54-9A1E7A4F7556}") = "Kwint_It_Assignment", "Kwint_It_Assignment\Kwint_It_Assignment.csproj", "{1ABE1C6C-3135-4844-9993-83DC62267D7E}"
EndProject
Global
	GlobalSection(SolutionConfigurationPlatforms) = preSolution
		Debug|Any CPU = Debug|Any CPU
		Release|Any CPU = Release|Any CPU
	EndGlobalSection
	GlobalSection(ProjectConfigurationPlatforms) = postSolution
		{1ABE1C6C-3135-4844-9993-83DC62267D7E}.Debug|Any CPU.ActiveCfg = Debug|Any CPU
		{1ABE1C6C-3135-4844-9993-83DC62267D7E}.Debug|Any CPU.Build.0 = Debug|Any CPU
		{1ABE1C6C-3135-4844-9993-83DC62267D7E}.Release|Any CPU.ActiveCfg = Release|Any CPU
		{1ABE1C6C-3135-4844-9993-83DC62267D7E}.Release|Any CPU.Build.0 = Release|Any CPU
	EndGlobalSection
	GlobalSection(SolutionProperties) = preSolution
		HideSolutionNode = FALSE
	EndGlobalSection
	GlobalSection(ExtensibilityGlobals) = postSolution
		SolutionGuid = {D9AD5108-00D6-496F-9BDA-16AD7B463DAF}
	EndGlobalSection
EndGlobal
